
Microsoft Visual Studio Solution File, Format Version 12.00
# Visual Studio Version 16
VisualStudioVersion = 16.0.30413.136
MinimumVisualStudioVersion = 10.0.40219.1
Project("{8BC9CEB8-8B4A-11D0-8D11-00A0C91BC942}") = "Prj01", "Prj01\Prj01.vcxproj", "{EF9C8234-69DD-4479-A251-187265BA31AD}"
EndProject
Project("{8BC9CEB8-8B4A-11D0-8D11-00A0C91BC942}") = "Prj02", "Prj02\Prj02.vcxproj", "{A99104FE-FBFB-4E13-89E3-C6EB9D34A0C8}"
EndProject
Project("{8BC9CEB8-8B4A-11D0-8D11-00A0C91BC942}") = "Lab01", "Lab01\Lab01.vcxproj", "{4CCA244A-E643-4E5B-B801-EF1DBC07ADC8}"
EndProject
Project("{8BC9CEB8-8B4A-11D0-8D11-00A0C91BC942}") = "Prj03", "Prj03\Prj03.vcxproj", "{16EEFC40-3BC3-48F3-9E87-7D40810A48E3}"
EndProject
Project("{8BC9CEB8-8B4A-11D0-8D11-00A0C91BC942}") = "Prj04", "Prj04\Prj04.vcxproj", "{79816D76-19F7-42ED-985B-2668204BB7E6}"
EndProject
Project("{8BC9CEB8-8B4A-11D0-8D11-00A0C91BC942}") = "Prj05", "Prj05\Prj05.vcxproj", "{DDA73B9C-2FF5-4FB0-87A7-EE925EA3C755}"
EndProject
Project("{8BC9CEB8-8B4A-11D0-8D11-00A0C91BC942}") = "Prj06", "Prj06\Prj06.vcxproj", "{81C072DE-69E8-48D2-A338-2C7891830BC1}"
EndProject
Project("{8BC9CEB8-8B4A-11D0-8D11-00A0C91BC942}") = "Lab02", "Lab02\Lab02.vcxproj", "{0E14F887-7B60-47C9-989F-A1F35F15F2A0}"
EndProject
Project("{8BC9CEB8-8B4A-11D0-8D11-00A0C91BC942}") = "Prj07", "Prj07\Prj07.vcxproj", "{E5F71719-6127-4500-956B-C89B0788D8A9}"
EndProject
Project("{8BC9CEB8-8B4A-11D0-8D11-00A0C91BC942}") = "Prj08", "Prj08\Prj08.vcxproj", "{85A30F1B-1CEF-473F-887B-E3F6C796934D}"
EndProject
Project("{8BC9CEB8-8B4A-11D0-8D11-00A0C91BC942}") = "Prj09", "Prj09\Prj09.vcxproj", "{45DCA82F-F346-42CD-9135-71C4215ED89D}"
EndProject
Project("{8BC9CEB8-8B4A-11D0-8D11-00A0C91BC942}") = "Prj10", "Prj10\Prj10.vcxproj", "{549EE701-2E64-4B2E-BCA7-52B1750F7B16}"
EndProject
Project("{8BC9CEB8-8B4A-11D0-8D11-00A0C91BC942}") = "Lab03", "Lab03\Lab03.vcxproj", "{05531113-2791-4746-94A4-47F7550B6656}"
EndProject
Global
	GlobalSection(SolutionConfigurationPlatforms) = preSolution
		Debug|x64 = Debug|x64
		Debug|x86 = Debug|x86
		Release|x64 = Release|x64
		Release|x86 = Release|x86
	EndGlobalSection
	GlobalSection(ProjectConfigurationPlatforms) = postSolution
		{EF9C8234-69DD-4479-A251-187265BA31AD}.Debug|x64.ActiveCfg = Debug|x64
		{EF9C8234-69DD-4479-A251-187265BA31AD}.Debug|x64.Build.0 = Debug|x64
		{EF9C8234-69DD-4479-A251-187265BA31AD}.Debug|x86.ActiveCfg = Debug|Win32
		{EF9C8234-69DD-4479-A251-187265BA31AD}.Debug|x86.Build.0 = Debug|Win32
		{EF9C8234-69DD-4479-A251-187265BA31AD}.Release|x64.ActiveCfg = Release|x64
		{EF9C8234-69DD-4479-A251-187265BA31AD}.Release|x64.Build.0 = Release|x64
		{EF9C8234-69DD-4479-A251-187265BA31AD}.Release|x86.ActiveCfg = Release|Win32
		{EF9C8234-69DD-4479-A251-187265BA31AD}.Release|x86.Build.0 = Release|Win32
		{A99104FE-FBFB-4E13-89E3-C6EB9D34A0C8}.Debug|x64.ActiveCfg = Debug|x64
		{A99104FE-FBFB-4E13-89E3-C6EB9D34A0C8}.Debug|x64.Build.0 = Debug|x64
		{A99104FE-FBFB-4E13-89E3-C6EB9D34A0C8}.Debug|x86.ActiveCfg = Debug|Win32
		{A99104FE-FBFB-4E13-89E3-C6EB9D34A0C8}.Debug|x86.Build.0 = Debug|Win32
		{A99104FE-FBFB-4E13-89E3-C6EB9D34A0C8}.Release|x64.ActiveCfg = Release|x64
		{A99104FE-FBFB-4E13-89E3-C6EB9D34A0C8}.Release|x64.Build.0 = Release|x64
		{A99104FE-FBFB-4E13-89E3-C6EB9D34A0C8}.Release|x86.ActiveCfg = Release|Win32
		{A99104FE-FBFB-4E13-89E3-C6EB9D34A0C8}.Release|x86.Build.0 = Release|Win32
		{4CCA244A-E643-4E5B-B801-EF1DBC07ADC8}.Debug|x64.ActiveCfg = Debug|x64
		{4CCA244A-E643-4E5B-B801-EF1DBC07ADC8}.Debug|x64.Build.0 = Debug|x64
		{4CCA244A-E643-4E5B-B801-EF1DBC07ADC8}.Debug|x86.ActiveCfg = Debug|Win32
		{4CCA244A-E643-4E5B-B801-EF1DBC07ADC8}.Debug|x86.Build.0 = Debug|Win32
		{4CCA244A-E643-4E5B-B801-EF1DBC07ADC8}.Release|x64.ActiveCfg = Release|x64
		{4CCA244A-E643-4E5B-B801-EF1DBC07ADC8}.Release|x64.Build.0 = Release|x64
		{4CCA244A-E643-4E5B-B801-EF1DBC07ADC8}.Release|x86.ActiveCfg = Release|Win32
		{4CCA244A-E643-4E5B-B801-EF1DBC07ADC8}.Release|x86.Build.0 = Release|Win32
		{16EEFC40-3BC3-48F3-9E87-7D40810A48E3}.Debug|x64.ActiveCfg = Debug|x64
		{16EEFC40-3BC3-48F3-9E87-7D40810A48E3}.Debug|x64.Build.0 = Debug|x64
		{16EEFC40-3BC3-48F3-9E87-7D40810A48E3}.Debug|x86.ActiveCfg = Debug|Win32
		{16EEFC40-3BC3-48F3-9E87-7D40810A48E3}.Debug|x86.Build.0 = Debug|Win32
		{16EEFC40-3BC3-48F3-9E87-7D40810A48E3}.Release|x64.ActiveCfg = Release|x64
		{16EEFC40-3BC3-48F3-9E87-7D40810A48E3}.Release|x64.Build.0 = Release|x64
		{16EEFC40-3BC3-48F3-9E87-7D40810A48E3}.Release|x86.ActiveCfg = Release|Win32
		{16EEFC40-3BC3-48F3-9E87-7D40810A48E3}.Release|x86.Build.0 = Release|Win32
		{79816D76-19F7-42ED-985B-2668204BB7E6}.Debug|x64.ActiveCfg = Debug|x64
		{79816D76-19F7-42ED-985B-2668204BB7E6}.Debug|x64.Build.0 = Debug|x64
		{79816D76-19F7-42ED-985B-2668204BB7E6}.Debug|x86.ActiveCfg = Debug|Win32
		{79816D76-19F7-42ED-985B-2668204BB7E6}.Debug|x86.Build.0 = Debug|Win32
		{79816D76-19F7-42ED-985B-2668204BB7E6}.Release|x64.ActiveCfg = Release|x64
		{79816D76-19F7-42ED-985B-2668204BB7E6}.Release|x64.Build.0 = Release|x64
		{79816D76-19F7-42ED-985B-2668204BB7E6}.Release|x86.ActiveCfg = Release|Win32
		{79816D76-19F7-42ED-985B-2668204BB7E6}.Release|x86.Build.0 = Release|Win32
		{DDA73B9C-2FF5-4FB0-87A7-EE925EA3C755}.Debug|x64.ActiveCfg = Debug|x64
		{DDA73B9C-2FF5-4FB0-87A7-EE925EA3C755}.Debug|x64.Build.0 = Debug|x64
		{DDA73B9C-2FF5-4FB0-87A7-EE925EA3C755}.Debug|x86.ActiveCfg = Debug|Win32
		{DDA73B9C-2FF5-4FB0-87A7-EE925EA3C755}.Debug|x86.Build.0 = Debug|Win32
		{DDA73B9C-2FF5-4FB0-87A7-EE925EA3C755}.Release|x64.ActiveCfg = Release|x64
		{DDA73B9C-2FF5-4FB0-87A7-EE925EA3C755}.Release|x64.Build.0 = Release|x64
		{DDA73B9C-2FF5-4FB0-87A7-EE925EA3C755}.Release|x86.ActiveCfg = Release|Win32
		{DDA73B9C-2FF5-4FB0-87A7-EE925EA3C755}.Release|x86.Build.0 = Release|Win32
		{81C072DE-69E8-48D2-A338-2C7891830BC1}.Debug|x64.ActiveCfg = Debug|x64
		{81C072DE-69E8-48D2-A338-2C7891830BC1}.Debug|x64.Build.0 = Debug|x64
		{81C072DE-69E8-48D2-A338-2C7891830BC1}.Debug|x86.ActiveCfg = Debug|Win32
		{81C072DE-69E8-48D2-A338-2C7891830BC1}.Debug|x86.Build.0 = Debug|Win32
		{81C072DE-69E8-48D2-A338-2C7891830BC1}.Release|x64.ActiveCfg = Release|x64
		{81C072DE-69E8-48D2-A338-2C7891830BC1}.Release|x64.Build.0 = Release|x64
		{81C072DE-69E8-48D2-A338-2C7891830BC1}.Release|x86.ActiveCfg = Release|Win32
		{81C072DE-69E8-48D2-A338-2C7891830BC1}.Release|x86.Build.0 = Release|Win32
		{0E14F887-7B60-47C9-989F-A1F35F15F2A0}.Debug|x64.ActiveCfg = Debug|x64
		{0E14F887-7B60-47C9-989F-A1F35F15F2A0}.Debug|x64.Build.0 = Debug|x64
		{0E14F887-7B60-47C9-989F-A1F35F15F2A0}.Debug|x86.ActiveCfg = Debug|Win32
		{0E14F887-7B60-47C9-989F-A1F35F15F2A0}.Debug|x86.Build.0 = Debug|Win32
		{0E14F887-7B60-47C9-989F-A1F35F15F2A0}.Release|x64.ActiveCfg = Release|x64
		{0E14F887-7B60-47C9-989F-A1F35F15F2A0}.Release|x64.Build.0 = Release|x64
		{0E14F887-7B60-47C9-989F-A1F35F15F2A0}.Release|x86.ActiveCfg = Release|Win32
		{0E14F887-7B60-47C9-989F-A1F35F15F2A0}.Release|x86.Build.0 = Release|Win32
		{E5F71719-6127-4500-956B-C89B0788D8A9}.Debug|x64.ActiveCfg = Debug|x64
		{E5F71719-6127-4500-956B-C89B0788D8A9}.Debug|x64.Build.0 = Debug|x64
		{E5F71719-6127-4500-956B-C89B0788D8A9}.Debug|x86.ActiveCfg = Debug|Win32
		{E5F71719-6127-4500-956B-C89B0788D8A9}.Debug|x86.Build.0 = Debug|Win32
		{E5F71719-6127-4500-956B-C89B0788D8A9}.Release|x64.ActiveCfg = Release|x64
		{E5F71719-6127-4500-956B-C89B0788D8A9}.Release|x64.Build.0 = Release|x64
		{E5F71719-6127-4500-956B-C89B0788D8A9}.Release|x86.ActiveCfg = Release|Win32
		{E5F71719-6127-4500-956B-C89B0788D8A9}.Release|x86.Build.0 = Release|Win32
		{85A30F1B-1CEF-473F-887B-E3F6C796934D}.Debug|x64.ActiveCfg = Debug|x64
		{85A30F1B-1CEF-473F-887B-E3F6C796934D}.Debug|x64.Build.0 = Debug|x64
		{85A30F1B-1CEF-473F-887B-E3F6C796934D}.Debug|x86.ActiveCfg = Debug|Win32
		{85A30F1B-1CEF-473F-887B-E3F6C796934D}.Debug|x86.Build.0 = Debug|Win32
		{85A30F1B-1CEF-473F-887B-E3F6C796934D}.Release|x64.ActiveCfg = Release|x64
		{85A30F1B-1CEF-473F-887B-E3F6C796934D}.Release|x64.Build.0 = Release|x64
		{85A30F1B-1CEF-473F-887B-E3F6C796934D}.Release|x86.ActiveCfg = Release|Win32
		{85A30F1B-1CEF-473F-887B-E3F6C796934D}.Release|x86.Build.0 = Release|Win32
		{45DCA82F-F346-42CD-9135-71C4215ED89D}.Debug|x64.ActiveCfg = Debug|x64
		{45DCA82F-F346-42CD-9135-71C4215ED89D}.Debug|x64.Build.0 = Debug|x64
		{45DCA82F-F346-42CD-9135-71C4215ED89D}.Debug|x86.ActiveCfg = Debug|Win32
		{45DCA82F-F346-42CD-9135-71C4215ED89D}.Debug|x86.Build.0 = Debug|Win32
		{45DCA82F-F346-42CD-9135-71C4215ED89D}.Release|x64.ActiveCfg = Release|x64
		{45DCA82F-F346-42CD-9135-71C4215ED89D}.Release|x64.Build.0 = Release|x64
		{45DCA82F-F346-42CD-9135-71C4215ED89D}.Release|x86.ActiveCfg = Release|Win32
		{45DCA82F-F346-42CD-9135-71C4215ED89D}.Release|x86.Build.0 = Release|Win32
		{549EE701-2E64-4B2E-BCA7-52B1750F7B16}.Debug|x64.ActiveCfg = Debug|x64
		{549EE701-2E64-4B2E-BCA7-52B1750F7B16}.Debug|x64.Build.0 = Debug|x64
		{549EE701-2E64-4B2E-BCA7-52B1750F7B16}.Debug|x86.ActiveCfg = Debug|Win32
		{549EE701-2E64-4B2E-BCA7-52B1750F7B16}.Debug|x86.Build.0 = Debug|Win32
		{549EE701-2E64-4B2E-BCA7-52B1750F7B16}.Release|x64.ActiveCfg = Release|x64
		{549EE701-2E64-4B2E-BCA7-52B1750F7B16}.Release|x64.Build.0 = Release|x64
		{549EE701-2E64-4B2E-BCA7-52B1750F7B16}.Release|x86.ActiveCfg = Release|Win32
		{549EE701-2E64-4B2E-BCA7-52B1750F7B16}.Release|x86.Build.0 = Release|Win32
		{05531113-2791-4746-94A4-47F7550B6656}.Debug|x64.ActiveCfg = Debug|x64
		{05531113-2791-4746-94A4-47F7550B6656}.Debug|x64.Build.0 = Debug|x64
		{05531113-2791-4746-94A4-47F7550B6656}.Debug|x86.ActiveCfg = Debug|Win32
		{05531113-2791-4746-94A4-47F7550B6656}.Debug|x86.Build.0 = Debug|Win32
		{05531113-2791-4746-94A4-47F7550B6656}.Release|x64.ActiveCfg = Release|x64
		{05531113-2791-4746-94A4-47F7550B6656}.Release|x64.Build.0 = Release|x64
		{05531113-2791-4746-94A4-47F7550B6656}.Release|x86.ActiveCfg = Release|Win32
		{05531113-2791-4746-94A4-47F7550B6656}.Release|x86.Build.0 = Release|Win32
	EndGlobalSection
	GlobalSection(SolutionProperties) = preSolution
		HideSolutionNode = FALSE
	EndGlobalSection
	GlobalSection(ExtensibilityGlobals) = postSolution
		SolutionGuid = {174EAD3F-11E3-4759-94E1-BE9A18A234C3}
	EndGlobalSection
EndGlobal
