
Microsoft Visual Studio Solution File, Format Version 12.00
# Visual Studio Version 16
VisualStudioVersion = 16.0.30413.136
MinimumVisualStudioVersion = 10.0.40219.1
Project("{8BC9CEB8-8B4A-11D0-8D11-00A0C91BC942}") = "Prj01", "Prj01\Prj01.vcxproj", "{0B33934F-09D6-4ACC-9C3A-8BB6149E0BCD}"
EndProject
Project("{8BC9CEB8-8B4A-11D0-8D11-00A0C91BC942}") = "Prj02", "Prj02\Prj02.vcxproj", "{998E0B78-D8B3-4E55-8A4A-D14E72C5FB6F}"
EndProject
Project("{8BC9CEB8-8B4A-11D0-8D11-00A0C91BC942}") = "Lab01", "Lab01\Lab01.vcxproj", "{8A4B57B0-3B09-4EDE-B48E-84E6FAE4E2D3}"
EndProject
Project("{8BC9CEB8-8B4A-11D0-8D11-00A0C91BC942}") = "Prj03", "Prj03\Prj03.vcxproj", "{BEBA96B9-2EB4-4A63-901E-86CE6C2B03CD}"
EndProject
Project("{8BC9CEB8-8B4A-11D0-8D11-00A0C91BC942}") = "Prj04", "Prj04\Prj04.vcxproj", "{4791C53F-03EA-4212-8C16-7B4FB24F6F49}"
EndProject
Project("{8BC9CEB8-8B4A-11D0-8D11-00A0C91BC942}") = "Prj05", "Prj05\Prj05.vcxproj", "{DCF2B405-F1CA-41FC-8654-26B6974F5973}"
EndProject
Project("{8BC9CEB8-8B4A-11D0-8D11-00A0C91BC942}") = "Prj06", "Prj06\Prj06.vcxproj", "{E98DAE6A-EB93-424F-A9E2-70E2B109EDD3}"
EndProject
Project("{8BC9CEB8-8B4A-11D0-8D11-00A0C91BC942}") = "Lab02", "Lab02\Lab02.vcxproj", "{926E15A8-E055-4849-B286-2D82F19BBCDF}"
EndProject
Project("{8BC9CEB8-8B4A-11D0-8D11-00A0C91BC942}") = "Prj07", "Prj07\Prj07.vcxproj", "{AF8A6D00-BBB4-4796-A88B-653E373BAD21}"
EndProject
Project("{8BC9CEB8-8B4A-11D0-8D11-00A0C91BC942}") = "Prj08", "Prj08\Prj08.vcxproj", "{2C7C4990-B571-4916-9C61-D40960565D55}"
EndProject
Project("{8BC9CEB8-8B4A-11D0-8D11-00A0C91BC942}") = "Prj09", "Prj09\Prj09.vcxproj", "{3275BA42-59BA-41AC-84F4-1CB7BF532242}"
EndProject
Project("{8BC9CEB8-8B4A-11D0-8D11-00A0C91BC942}") = "Prj10", "Prj10\Prj10.vcxproj", "{D471482D-F17C-40CA-8E08-383625B6BB66}"
EndProject
Project("{8BC9CEB8-8B4A-11D0-8D11-00A0C91BC942}") = "Lab03", "Lab03\Lab03.vcxproj", "{4D0FF1FF-8BF4-43F3-906F-B7CE177664C1}"
EndProject
Project("{8BC9CEB8-8B4A-11D0-8D11-00A0C91BC942}") = "Prj11", "Prj11\Prj11.vcxproj", "{95BFBA20-CA73-4C10-BE9A-79A29C754DE7}"
EndProject
Project("{8BC9CEB8-8B4A-11D0-8D11-00A0C91BC942}") = "Prj12", "Prj12\Prj12.vcxproj", "{6DFCE545-2FB7-4EEF-9209-DF7D41CAD202}"
EndProject
Project("{8BC9CEB8-8B4A-11D0-8D11-00A0C91BC942}") = "Prj13", "Prj13\Prj13.vcxproj", "{1D86FAFE-346C-4E52-9D26-B6D3FF91E0CD}"
EndProject
Project("{8BC9CEB8-8B4A-11D0-8D11-00A0C91BC942}") = "Lab04", "Lab04\Lab04.vcxproj", "{72E87D55-7FEC-4633-A5E1-3090F69F6D37}"
EndProject
Global
	GlobalSection(SolutionConfigurationPlatforms) = preSolution
		Debug|x64 = Debug|x64
		Debug|x86 = Debug|x86
		Release|x64 = Release|x64
		Release|x86 = Release|x86
	EndGlobalSection
	GlobalSection(ProjectConfigurationPlatforms) = postSolution
		{0B33934F-09D6-4ACC-9C3A-8BB6149E0BCD}.Debug|x64.ActiveCfg = Debug|x64
		{0B33934F-09D6-4ACC-9C3A-8BB6149E0BCD}.Debug|x64.Build.0 = Debug|x64
		{0B33934F-09D6-4ACC-9C3A-8BB6149E0BCD}.Debug|x86.ActiveCfg = Debug|Win32
		{0B33934F-09D6-4ACC-9C3A-8BB6149E0BCD}.Debug|x86.Build.0 = Debug|Win32
		{0B33934F-09D6-4ACC-9C3A-8BB6149E0BCD}.Release|x64.ActiveCfg = Release|x64
		{0B33934F-09D6-4ACC-9C3A-8BB6149E0BCD}.Release|x64.Build.0 = Release|x64
		{0B33934F-09D6-4ACC-9C3A-8BB6149E0BCD}.Release|x86.ActiveCfg = Release|Win32
		{0B33934F-09D6-4ACC-9C3A-8BB6149E0BCD}.Release|x86.Build.0 = Release|Win32
		{998E0B78-D8B3-4E55-8A4A-D14E72C5FB6F}.Debug|x64.ActiveCfg = Debug|x64
		{998E0B78-D8B3-4E55-8A4A-D14E72C5FB6F}.Debug|x64.Build.0 = Debug|x64
		{998E0B78-D8B3-4E55-8A4A-D14E72C5FB6F}.Debug|x86.ActiveCfg = Debug|Win32
		{998E0B78-D8B3-4E55-8A4A-D14E72C5FB6F}.Debug|x86.Build.0 = Debug|Win32
		{998E0B78-D8B3-4E55-8A4A-D14E72C5FB6F}.Release|x64.ActiveCfg = Release|x64
		{998E0B78-D8B3-4E55-8A4A-D14E72C5FB6F}.Release|x64.Build.0 = Release|x64
		{998E0B78-D8B3-4E55-8A4A-D14E72C5FB6F}.Release|x86.ActiveCfg = Release|Win32
		{998E0B78-D8B3-4E55-8A4A-D14E72C5FB6F}.Release|x86.Build.0 = Release|Win32
		{8A4B57B0-3B09-4EDE-B48E-84E6FAE4E2D3}.Debug|x64.ActiveCfg = Debug|x64
		{8A4B57B0-3B09-4EDE-B48E-84E6FAE4E2D3}.Debug|x64.Build.0 = Debug|x64
		{8A4B57B0-3B09-4EDE-B48E-84E6FAE4E2D3}.Debug|x86.ActiveCfg = Debug|Win32
		{8A4B57B0-3B09-4EDE-B48E-84E6FAE4E2D3}.Debug|x86.Build.0 = Debug|Win32
		{8A4B57B0-3B09-4EDE-B48E-84E6FAE4E2D3}.Release|x64.ActiveCfg = Release|x64
		{8A4B57B0-3B09-4EDE-B48E-84E6FAE4E2D3}.Release|x64.Build.0 = Release|x64
		{8A4B57B0-3B09-4EDE-B48E-84E6FAE4E2D3}.Release|x86.ActiveCfg = Release|Win32
		{8A4B57B0-3B09-4EDE-B48E-84E6FAE4E2D3}.Release|x86.Build.0 = Release|Win32
		{BEBA96B9-2EB4-4A63-901E-86CE6C2B03CD}.Debug|x64.ActiveCfg = Debug|x64
		{BEBA96B9-2EB4-4A63-901E-86CE6C2B03CD}.Debug|x64.Build.0 = Debug|x64
		{BEBA96B9-2EB4-4A63-901E-86CE6C2B03CD}.Debug|x86.ActiveCfg = Debug|Win32
		{BEBA96B9-2EB4-4A63-901E-86CE6C2B03CD}.Debug|x86.Build.0 = Debug|Win32
		{BEBA96B9-2EB4-4A63-901E-86CE6C2B03CD}.Release|x64.ActiveCfg = Release|x64
		{BEBA96B9-2EB4-4A63-901E-86CE6C2B03CD}.Release|x64.Build.0 = Release|x64
		{BEBA96B9-2EB4-4A63-901E-86CE6C2B03CD}.Release|x86.ActiveCfg = Release|Win32
		{BEBA96B9-2EB4-4A63-901E-86CE6C2B03CD}.Release|x86.Build.0 = Release|Win32
		{4791C53F-03EA-4212-8C16-7B4FB24F6F49}.Debug|x64.ActiveCfg = Debug|x64
		{4791C53F-03EA-4212-8C16-7B4FB24F6F49}.Debug|x64.Build.0 = Debug|x64
		{4791C53F-03EA-4212-8C16-7B4FB24F6F49}.Debug|x86.ActiveCfg = Debug|Win32
		{4791C53F-03EA-4212-8C16-7B4FB24F6F49}.Debug|x86.Build.0 = Debug|Win32
		{4791C53F-03EA-4212-8C16-7B4FB24F6F49}.Release|x64.ActiveCfg = Release|x64
		{4791C53F-03EA-4212-8C16-7B4FB24F6F49}.Release|x64.Build.0 = Release|x64
		{4791C53F-03EA-4212-8C16-7B4FB24F6F49}.Release|x86.ActiveCfg = Release|Win32
		{4791C53F-03EA-4212-8C16-7B4FB24F6F49}.Release|x86.Build.0 = Release|Win32
		{DCF2B405-F1CA-41FC-8654-26B6974F5973}.Debug|x64.ActiveCfg = Debug|x64
		{DCF2B405-F1CA-41FC-8654-26B6974F5973}.Debug|x64.Build.0 = Debug|x64
		{DCF2B405-F1CA-41FC-8654-26B6974F5973}.Debug|x86.ActiveCfg = Debug|Win32
		{DCF2B405-F1CA-41FC-8654-26B6974F5973}.Debug|x86.Build.0 = Debug|Win32
		{DCF2B405-F1CA-41FC-8654-26B6974F5973}.Release|x64.ActiveCfg = Release|x64
		{DCF2B405-F1CA-41FC-8654-26B6974F5973}.Release|x64.Build.0 = Release|x64
		{DCF2B405-F1CA-41FC-8654-26B6974F5973}.Release|x86.ActiveCfg = Release|Win32
		{DCF2B405-F1CA-41FC-8654-26B6974F5973}.Release|x86.Build.0 = Release|Win32
		{E98DAE6A-EB93-424F-A9E2-70E2B109EDD3}.Debug|x64.ActiveCfg = Debug|x64
		{E98DAE6A-EB93-424F-A9E2-70E2B109EDD3}.Debug|x64.Build.0 = Debug|x64
		{E98DAE6A-EB93-424F-A9E2-70E2B109EDD3}.Debug|x86.ActiveCfg = Debug|Win32
		{E98DAE6A-EB93-424F-A9E2-70E2B109EDD3}.Debug|x86.Build.0 = Debug|Win32
		{E98DAE6A-EB93-424F-A9E2-70E2B109EDD3}.Release|x64.ActiveCfg = Release|x64
		{E98DAE6A-EB93-424F-A9E2-70E2B109EDD3}.Release|x64.Build.0 = Release|x64
		{E98DAE6A-EB93-424F-A9E2-70E2B109EDD3}.Release|x86.ActiveCfg = Release|Win32
		{E98DAE6A-EB93-424F-A9E2-70E2B109EDD3}.Release|x86.Build.0 = Release|Win32
		{926E15A8-E055-4849-B286-2D82F19BBCDF}.Debug|x64.ActiveCfg = Debug|x64
		{926E15A8-E055-4849-B286-2D82F19BBCDF}.Debug|x64.Build.0 = Debug|x64
		{926E15A8-E055-4849-B286-2D82F19BBCDF}.Debug|x86.ActiveCfg = Debug|Win32
		{926E15A8-E055-4849-B286-2D82F19BBCDF}.Debug|x86.Build.0 = Debug|Win32
		{926E15A8-E055-4849-B286-2D82F19BBCDF}.Release|x64.ActiveCfg = Release|x64
		{926E15A8-E055-4849-B286-2D82F19BBCDF}.Release|x64.Build.0 = Release|x64
		{926E15A8-E055-4849-B286-2D82F19BBCDF}.Release|x86.ActiveCfg = Release|Win32
		{926E15A8-E055-4849-B286-2D82F19BBCDF}.Release|x86.Build.0 = Release|Win32
		{AF8A6D00-BBB4-4796-A88B-653E373BAD21}.Debug|x64.ActiveCfg = Debug|x64
		{AF8A6D00-BBB4-4796-A88B-653E373BAD21}.Debug|x64.Build.0 = Debug|x64
		{AF8A6D00-BBB4-4796-A88B-653E373BAD21}.Debug|x86.ActiveCfg = Debug|Win32
		{AF8A6D00-BBB4-4796-A88B-653E373BAD21}.Debug|x86.Build.0 = Debug|Win32
		{AF8A6D00-BBB4-4796-A88B-653E373BAD21}.Release|x64.ActiveCfg = Release|x64
		{AF8A6D00-BBB4-4796-A88B-653E373BAD21}.Release|x64.Build.0 = Release|x64
		{AF8A6D00-BBB4-4796-A88B-653E373BAD21}.Release|x86.ActiveCfg = Release|Win32
		{AF8A6D00-BBB4-4796-A88B-653E373BAD21}.Release|x86.Build.0 = Release|Win32
		{2C7C4990-B571-4916-9C61-D40960565D55}.Debug|x64.ActiveCfg = Debug|x64
		{2C7C4990-B571-4916-9C61-D40960565D55}.Debug|x64.Build.0 = Debug|x64
		{2C7C4990-B571-4916-9C61-D40960565D55}.Debug|x86.ActiveCfg = Debug|Win32
		{2C7C4990-B571-4916-9C61-D40960565D55}.Debug|x86.Build.0 = Debug|Win32
		{2C7C4990-B571-4916-9C61-D40960565D55}.Release|x64.ActiveCfg = Release|x64
		{2C7C4990-B571-4916-9C61-D40960565D55}.Release|x64.Build.0 = Release|x64
		{2C7C4990-B571-4916-9C61-D40960565D55}.Release|x86.ActiveCfg = Release|Win32
		{2C7C4990-B571-4916-9C61-D40960565D55}.Release|x86.Build.0 = Release|Win32
		{3275BA42-59BA-41AC-84F4-1CB7BF532242}.Debug|x64.ActiveCfg = Debug|x64
		{3275BA42-59BA-41AC-84F4-1CB7BF532242}.Debug|x64.Build.0 = Debug|x64
		{3275BA42-59BA-41AC-84F4-1CB7BF532242}.Debug|x86.ActiveCfg = Debug|Win32
		{3275BA42-59BA-41AC-84F4-1CB7BF532242}.Debug|x86.Build.0 = Debug|Win32
		{3275BA42-59BA-41AC-84F4-1CB7BF532242}.Release|x64.ActiveCfg = Release|x64
		{3275BA42-59BA-41AC-84F4-1CB7BF532242}.Release|x64.Build.0 = Release|x64
		{3275BA42-59BA-41AC-84F4-1CB7BF532242}.Release|x86.ActiveCfg = Release|Win32
		{3275BA42-59BA-41AC-84F4-1CB7BF532242}.Release|x86.Build.0 = Release|Win32
		{D471482D-F17C-40CA-8E08-383625B6BB66}.Debug|x64.ActiveCfg = Debug|x64
		{D471482D-F17C-40CA-8E08-383625B6BB66}.Debug|x64.Build.0 = Debug|x64
		{D471482D-F17C-40CA-8E08-383625B6BB66}.Debug|x86.ActiveCfg = Debug|Win32
		{D471482D-F17C-40CA-8E08-383625B6BB66}.Debug|x86.Build.0 = Debug|Win32
		{D471482D-F17C-40CA-8E08-383625B6BB66}.Release|x64.ActiveCfg = Release|x64
		{D471482D-F17C-40CA-8E08-383625B6BB66}.Release|x64.Build.0 = Release|x64
		{D471482D-F17C-40CA-8E08-383625B6BB66}.Release|x86.ActiveCfg = Release|Win32
		{D471482D-F17C-40CA-8E08-383625B6BB66}.Release|x86.Build.0 = Release|Win32
		{4D0FF1FF-8BF4-43F3-906F-B7CE177664C1}.Debug|x64.ActiveCfg = Debug|x64
		{4D0FF1FF-8BF4-43F3-906F-B7CE177664C1}.Debug|x64.Build.0 = Debug|x64
		{4D0FF1FF-8BF4-43F3-906F-B7CE177664C1}.Debug|x86.ActiveCfg = Debug|Win32
		{4D0FF1FF-8BF4-43F3-906F-B7CE177664C1}.Debug|x86.Build.0 = Debug|Win32
		{4D0FF1FF-8BF4-43F3-906F-B7CE177664C1}.Release|x64.ActiveCfg = Release|x64
		{4D0FF1FF-8BF4-43F3-906F-B7CE177664C1}.Release|x64.Build.0 = Release|x64
		{4D0FF1FF-8BF4-43F3-906F-B7CE177664C1}.Release|x86.ActiveCfg = Release|Win32
		{4D0FF1FF-8BF4-43F3-906F-B7CE177664C1}.Release|x86.Build.0 = Release|Win32
		{95BFBA20-CA73-4C10-BE9A-79A29C754DE7}.Debug|x64.ActiveCfg = Debug|x64
		{95BFBA20-CA73-4C10-BE9A-79A29C754DE7}.Debug|x64.Build.0 = Debug|x64
		{95BFBA20-CA73-4C10-BE9A-79A29C754DE7}.Debug|x86.ActiveCfg = Debug|Win32
		{95BFBA20-CA73-4C10-BE9A-79A29C754DE7}.Debug|x86.Build.0 = Debug|Win32
		{95BFBA20-CA73-4C10-BE9A-79A29C754DE7}.Release|x64.ActiveCfg = Release|x64
		{95BFBA20-CA73-4C10-BE9A-79A29C754DE7}.Release|x64.Build.0 = Release|x64
		{95BFBA20-CA73-4C10-BE9A-79A29C754DE7}.Release|x86.ActiveCfg = Release|Win32
		{95BFBA20-CA73-4C10-BE9A-79A29C754DE7}.Release|x86.Build.0 = Release|Win32
		{6DFCE545-2FB7-4EEF-9209-DF7D41CAD202}.Debug|x64.ActiveCfg = Debug|x64
		{6DFCE545-2FB7-4EEF-9209-DF7D41CAD202}.Debug|x64.Build.0 = Debug|x64
		{6DFCE545-2FB7-4EEF-9209-DF7D41CAD202}.Debug|x86.ActiveCfg = Debug|Win32
		{6DFCE545-2FB7-4EEF-9209-DF7D41CAD202}.Debug|x86.Build.0 = Debug|Win32
		{6DFCE545-2FB7-4EEF-9209-DF7D41CAD202}.Release|x64.ActiveCfg = Release|x64
		{6DFCE545-2FB7-4EEF-9209-DF7D41CAD202}.Release|x64.Build.0 = Release|x64
		{6DFCE545-2FB7-4EEF-9209-DF7D41CAD202}.Release|x86.ActiveCfg = Release|Win32
		{6DFCE545-2FB7-4EEF-9209-DF7D41CAD202}.Release|x86.Build.0 = Release|Win32
		{1D86FAFE-346C-4E52-9D26-B6D3FF91E0CD}.Debug|x64.ActiveCfg = Debug|x64
		{1D86FAFE-346C-4E52-9D26-B6D3FF91E0CD}.Debug|x64.Build.0 = Debug|x64
		{1D86FAFE-346C-4E52-9D26-B6D3FF91E0CD}.Debug|x86.ActiveCfg = Debug|Win32
		{1D86FAFE-346C-4E52-9D26-B6D3FF91E0CD}.Debug|x86.Build.0 = Debug|Win32
		{1D86FAFE-346C-4E52-9D26-B6D3FF91E0CD}.Release|x64.ActiveCfg = Release|x64
		{1D86FAFE-346C-4E52-9D26-B6D3FF91E0CD}.Release|x64.Build.0 = Release|x64
		{1D86FAFE-346C-4E52-9D26-B6D3FF91E0CD}.Release|x86.ActiveCfg = Release|Win32
		{1D86FAFE-346C-4E52-9D26-B6D3FF91E0CD}.Release|x86.Build.0 = Release|Win32
		{72E87D55-7FEC-4633-A5E1-3090F69F6D37}.Debug|x64.ActiveCfg = Debug|x64
		{72E87D55-7FEC-4633-A5E1-3090F69F6D37}.Debug|x64.Build.0 = Debug|x64
		{72E87D55-7FEC-4633-A5E1-3090F69F6D37}.Debug|x86.ActiveCfg = Debug|Win32
		{72E87D55-7FEC-4633-A5E1-3090F69F6D37}.Debug|x86.Build.0 = Debug|Win32
		{72E87D55-7FEC-4633-A5E1-3090F69F6D37}.Release|x64.ActiveCfg = Release|x64
		{72E87D55-7FEC-4633-A5E1-3090F69F6D37}.Release|x64.Build.0 = Release|x64
		{72E87D55-7FEC-4633-A5E1-3090F69F6D37}.Release|x86.ActiveCfg = Release|Win32
		{72E87D55-7FEC-4633-A5E1-3090F69F6D37}.Release|x86.Build.0 = Release|Win32
	EndGlobalSection
	GlobalSection(SolutionProperties) = preSolution
		HideSolutionNode = FALSE
	EndGlobalSection
	GlobalSection(ExtensibilityGlobals) = postSolution
		SolutionGuid = {AF7A84C7-BACB-4753-94B6-73DBE2416BB6}
	EndGlobalSection
EndGlobal
