
Microsoft Visual Studio Solution File, Format Version 12.00
# Visual Studio Version 16
VisualStudioVersion = 16.0.30413.136
MinimumVisualStudioVersion = 10.0.40219.1
Project("{8BC9CEB8-8B4A-11D0-8D11-00A0C91BC942}") = "Prj01", "Prj01\Prj01.vcxproj", "{729937A8-4A57-4A64-9C45-DC0D3F19383A}"
EndProject
Project("{8BC9CEB8-8B4A-11D0-8D11-00A0C91BC942}") = "Lab01", "Lab01\Lab01.vcxproj", "{8432F90C-D4C3-4237-91D0-A3CEFCD55748}"
EndProject
Project("{8BC9CEB8-8B4A-11D0-8D11-00A0C91BC942}") = "Prj02", "Prj02\Prj02.vcxproj", "{0ACA2720-5A0C-45F6-9627-6430E6E81352}"
EndProject
Project("{8BC9CEB8-8B4A-11D0-8D11-00A0C91BC942}") = "Prj03", "Prj03\Prj03.vcxproj", "{3E13F58E-555B-49A8-B507-104EB3F1DADA}"
EndProject
Project("{8BC9CEB8-8B4A-11D0-8D11-00A0C91BC942}") = "Prj04", "Prj04\Prj04.vcxproj", "{F6D720C5-CDCE-4CAE-89FD-31CEA044FA95}"
EndProject
Project("{8BC9CEB8-8B4A-11D0-8D11-00A0C91BC942}") = "Lab02", "Lab02\Lab02.vcxproj", "{74CFB19F-23C7-40CE-AA29-F8152CE4A6EF}"
EndProject
Project("{8BC9CEB8-8B4A-11D0-8D11-00A0C91BC942}") = "Prj05", "Prj05\Prj05.vcxproj", "{1F39C856-0FD3-47F4-9D11-6F5467564C90}"
EndProject
Project("{8BC9CEB8-8B4A-11D0-8D11-00A0C91BC942}") = "Prj06", "Prj06\Prj06.vcxproj", "{441C28CA-A768-4823-A91E-EC01FCE8407F}"
EndProject
Project("{8BC9CEB8-8B4A-11D0-8D11-00A0C91BC942}") = "Prj07", "Prj07\Prj07.vcxproj", "{7959A20E-7DF2-4A37-B5CE-85798A13C616}"
EndProject
Project("{8BC9CEB8-8B4A-11D0-8D11-00A0C91BC942}") = "Prj08", "Prj08\Prj08.vcxproj", "{2483DFFE-69E3-48BF-B97D-19712D3AB9E4}"
EndProject
Project("{8BC9CEB8-8B4A-11D0-8D11-00A0C91BC942}") = "Prj09", "Prj09\Prj09.vcxproj", "{508442B8-4614-42B9-A031-60D612F634D9}"
EndProject
Project("{8BC9CEB8-8B4A-11D0-8D11-00A0C91BC942}") = "Lab03", "Lab03\Lab03.vcxproj", "{F1D06F39-660F-4607-BA4C-4A5C3E141FF5}"
EndProject
Global
	GlobalSection(SolutionConfigurationPlatforms) = preSolution
		Debug|x64 = Debug|x64
		Debug|x86 = Debug|x86
		Release|x64 = Release|x64
		Release|x86 = Release|x86
	EndGlobalSection
	GlobalSection(ProjectConfigurationPlatforms) = postSolution
		{729937A8-4A57-4A64-9C45-DC0D3F19383A}.Debug|x64.ActiveCfg = Debug|x64
		{729937A8-4A57-4A64-9C45-DC0D3F19383A}.Debug|x64.Build.0 = Debug|x64
		{729937A8-4A57-4A64-9C45-DC0D3F19383A}.Debug|x86.ActiveCfg = Debug|Win32
		{729937A8-4A57-4A64-9C45-DC0D3F19383A}.Debug|x86.Build.0 = Debug|Win32
		{729937A8-4A57-4A64-9C45-DC0D3F19383A}.Release|x64.ActiveCfg = Release|x64
		{729937A8-4A57-4A64-9C45-DC0D3F19383A}.Release|x64.Build.0 = Release|x64
		{729937A8-4A57-4A64-9C45-DC0D3F19383A}.Release|x86.ActiveCfg = Release|Win32
		{729937A8-4A57-4A64-9C45-DC0D3F19383A}.Release|x86.Build.0 = Release|Win32
		{8432F90C-D4C3-4237-91D0-A3CEFCD55748}.Debug|x64.ActiveCfg = Debug|x64
		{8432F90C-D4C3-4237-91D0-A3CEFCD55748}.Debug|x64.Build.0 = Debug|x64
		{8432F90C-D4C3-4237-91D0-A3CEFCD55748}.Debug|x86.ActiveCfg = Debug|Win32
		{8432F90C-D4C3-4237-91D0-A3CEFCD55748}.Debug|x86.Build.0 = Debug|Win32
		{8432F90C-D4C3-4237-91D0-A3CEFCD55748}.Release|x64.ActiveCfg = Release|x64
		{8432F90C-D4C3-4237-91D0-A3CEFCD55748}.Release|x64.Build.0 = Release|x64
		{8432F90C-D4C3-4237-91D0-A3CEFCD55748}.Release|x86.ActiveCfg = Release|Win32
		{8432F90C-D4C3-4237-91D0-A3CEFCD55748}.Release|x86.Build.0 = Release|Win32
		{0ACA2720-5A0C-45F6-9627-6430E6E81352}.Debug|x64.ActiveCfg = Debug|x64
		{0ACA2720-5A0C-45F6-9627-6430E6E81352}.Debug|x64.Build.0 = Debug|x64
		{0ACA2720-5A0C-45F6-9627-6430E6E81352}.Debug|x86.ActiveCfg = Debug|Win32
		{0ACA2720-5A0C-45F6-9627-6430E6E81352}.Debug|x86.Build.0 = Debug|Win32
		{0ACA2720-5A0C-45F6-9627-6430E6E81352}.Release|x64.ActiveCfg = Release|x64
		{0ACA2720-5A0C-45F6-9627-6430E6E81352}.Release|x64.Build.0 = Release|x64
		{0ACA2720-5A0C-45F6-9627-6430E6E81352}.Release|x86.ActiveCfg = Release|Win32
		{0ACA2720-5A0C-45F6-9627-6430E6E81352}.Release|x86.Build.0 = Release|Win32
		{3E13F58E-555B-49A8-B507-104EB3F1DADA}.Debug|x64.ActiveCfg = Debug|x64
		{3E13F58E-555B-49A8-B507-104EB3F1DADA}.Debug|x64.Build.0 = Debug|x64
		{3E13F58E-555B-49A8-B507-104EB3F1DADA}.Debug|x86.ActiveCfg = Debug|Win32
		{3E13F58E-555B-49A8-B507-104EB3F1DADA}.Debug|x86.Build.0 = Debug|Win32
		{3E13F58E-555B-49A8-B507-104EB3F1DADA}.Release|x64.ActiveCfg = Release|x64
		{3E13F58E-555B-49A8-B507-104EB3F1DADA}.Release|x64.Build.0 = Release|x64
		{3E13F58E-555B-49A8-B507-104EB3F1DADA}.Release|x86.ActiveCfg = Release|Win32
		{3E13F58E-555B-49A8-B507-104EB3F1DADA}.Release|x86.Build.0 = Release|Win32
		{F6D720C5-CDCE-4CAE-89FD-31CEA044FA95}.Debug|x64.ActiveCfg = Debug|x64
		{F6D720C5-CDCE-4CAE-89FD-31CEA044FA95}.Debug|x64.Build.0 = Debug|x64
		{F6D720C5-CDCE-4CAE-89FD-31CEA044FA95}.Debug|x86.ActiveCfg = Debug|Win32
		{F6D720C5-CDCE-4CAE-89FD-31CEA044FA95}.Debug|x86.Build.0 = Debug|Win32
		{F6D720C5-CDCE-4CAE-89FD-31CEA044FA95}.Release|x64.ActiveCfg = Release|x64
		{F6D720C5-CDCE-4CAE-89FD-31CEA044FA95}.Release|x64.Build.0 = Release|x64
		{F6D720C5-CDCE-4CAE-89FD-31CEA044FA95}.Release|x86.ActiveCfg = Release|Win32
		{F6D720C5-CDCE-4CAE-89FD-31CEA044FA95}.Release|x86.Build.0 = Release|Win32
		{74CFB19F-23C7-40CE-AA29-F8152CE4A6EF}.Debug|x64.ActiveCfg = Debug|x64
		{74CFB19F-23C7-40CE-AA29-F8152CE4A6EF}.Debug|x64.Build.0 = Debug|x64
		{74CFB19F-23C7-40CE-AA29-F8152CE4A6EF}.Debug|x86.ActiveCfg = Debug|Win32
		{74CFB19F-23C7-40CE-AA29-F8152CE4A6EF}.Debug|x86.Build.0 = Debug|Win32
		{74CFB19F-23C7-40CE-AA29-F8152CE4A6EF}.Release|x64.ActiveCfg = Release|x64
		{74CFB19F-23C7-40CE-AA29-F8152CE4A6EF}.Release|x64.Build.0 = Release|x64
		{74CFB19F-23C7-40CE-AA29-F8152CE4A6EF}.Release|x86.ActiveCfg = Release|Win32
		{74CFB19F-23C7-40CE-AA29-F8152CE4A6EF}.Release|x86.Build.0 = Release|Win32
		{1F39C856-0FD3-47F4-9D11-6F5467564C90}.Debug|x64.ActiveCfg = Debug|x64
		{1F39C856-0FD3-47F4-9D11-6F5467564C90}.Debug|x64.Build.0 = Debug|x64
		{1F39C856-0FD3-47F4-9D11-6F5467564C90}.Debug|x86.ActiveCfg = Debug|Win32
		{1F39C856-0FD3-47F4-9D11-6F5467564C90}.Debug|x86.Build.0 = Debug|Win32
		{1F39C856-0FD3-47F4-9D11-6F5467564C90}.Release|x64.ActiveCfg = Release|x64
		{1F39C856-0FD3-47F4-9D11-6F5467564C90}.Release|x64.Build.0 = Release|x64
		{1F39C856-0FD3-47F4-9D11-6F5467564C90}.Release|x86.ActiveCfg = Release|Win32
		{1F39C856-0FD3-47F4-9D11-6F5467564C90}.Release|x86.Build.0 = Release|Win32
		{441C28CA-A768-4823-A91E-EC01FCE8407F}.Debug|x64.ActiveCfg = Debug|x64
		{441C28CA-A768-4823-A91E-EC01FCE8407F}.Debug|x64.Build.0 = Debug|x64
		{441C28CA-A768-4823-A91E-EC01FCE8407F}.Debug|x86.ActiveCfg = Debug|Win32
		{441C28CA-A768-4823-A91E-EC01FCE8407F}.Debug|x86.Build.0 = Debug|Win32
		{441C28CA-A768-4823-A91E-EC01FCE8407F}.Release|x64.ActiveCfg = Release|x64
		{441C28CA-A768-4823-A91E-EC01FCE8407F}.Release|x64.Build.0 = Release|x64
		{441C28CA-A768-4823-A91E-EC01FCE8407F}.Release|x86.ActiveCfg = Release|Win32
		{441C28CA-A768-4823-A91E-EC01FCE8407F}.Release|x86.Build.0 = Release|Win32
		{7959A20E-7DF2-4A37-B5CE-85798A13C616}.Debug|x64.ActiveCfg = Debug|x64
		{7959A20E-7DF2-4A37-B5CE-85798A13C616}.Debug|x64.Build.0 = Debug|x64
		{7959A20E-7DF2-4A37-B5CE-85798A13C616}.Debug|x86.ActiveCfg = Debug|Win32
		{7959A20E-7DF2-4A37-B5CE-85798A13C616}.Debug|x86.Build.0 = Debug|Win32
		{7959A20E-7DF2-4A37-B5CE-85798A13C616}.Release|x64.ActiveCfg = Release|x64
		{7959A20E-7DF2-4A37-B5CE-85798A13C616}.Release|x64.Build.0 = Release|x64
		{7959A20E-7DF2-4A37-B5CE-85798A13C616}.Release|x86.ActiveCfg = Release|Win32
		{7959A20E-7DF2-4A37-B5CE-85798A13C616}.Release|x86.Build.0 = Release|Win32
		{2483DFFE-69E3-48BF-B97D-19712D3AB9E4}.Debug|x64.ActiveCfg = Debug|x64
		{2483DFFE-69E3-48BF-B97D-19712D3AB9E4}.Debug|x64.Build.0 = Debug|x64
		{2483DFFE-69E3-48BF-B97D-19712D3AB9E4}.Debug|x86.ActiveCfg = Debug|Win32
		{2483DFFE-69E3-48BF-B97D-19712D3AB9E4}.Debug|x86.Build.0 = Debug|Win32
		{2483DFFE-69E3-48BF-B97D-19712D3AB9E4}.Release|x64.ActiveCfg = Release|x64
		{2483DFFE-69E3-48BF-B97D-19712D3AB9E4}.Release|x64.Build.0 = Release|x64
		{2483DFFE-69E3-48BF-B97D-19712D3AB9E4}.Release|x86.ActiveCfg = Release|Win32
		{2483DFFE-69E3-48BF-B97D-19712D3AB9E4}.Release|x86.Build.0 = Release|Win32
		{508442B8-4614-42B9-A031-60D612F634D9}.Debug|x64.ActiveCfg = Debug|x64
		{508442B8-4614-42B9-A031-60D612F634D9}.Debug|x64.Build.0 = Debug|x64
		{508442B8-4614-42B9-A031-60D612F634D9}.Debug|x86.ActiveCfg = Debug|Win32
		{508442B8-4614-42B9-A031-60D612F634D9}.Debug|x86.Build.0 = Debug|Win32
		{508442B8-4614-42B9-A031-60D612F634D9}.Release|x64.ActiveCfg = Release|x64
		{508442B8-4614-42B9-A031-60D612F634D9}.Release|x64.Build.0 = Release|x64
		{508442B8-4614-42B9-A031-60D612F634D9}.Release|x86.ActiveCfg = Release|Win32
		{508442B8-4614-42B9-A031-60D612F634D9}.Release|x86.Build.0 = Release|Win32
		{F1D06F39-660F-4607-BA4C-4A5C3E141FF5}.Debug|x64.ActiveCfg = Debug|x64
		{F1D06F39-660F-4607-BA4C-4A5C3E141FF5}.Debug|x64.Build.0 = Debug|x64
		{F1D06F39-660F-4607-BA4C-4A5C3E141FF5}.Debug|x86.ActiveCfg = Debug|Win32
		{F1D06F39-660F-4607-BA4C-4A5C3E141FF5}.Debug|x86.Build.0 = Debug|Win32
		{F1D06F39-660F-4607-BA4C-4A5C3E141FF5}.Release|x64.ActiveCfg = Release|x64
		{F1D06F39-660F-4607-BA4C-4A5C3E141FF5}.Release|x64.Build.0 = Release|x64
		{F1D06F39-660F-4607-BA4C-4A5C3E141FF5}.Release|x86.ActiveCfg = Release|Win32
		{F1D06F39-660F-4607-BA4C-4A5C3E141FF5}.Release|x86.Build.0 = Release|Win32
	EndGlobalSection
	GlobalSection(SolutionProperties) = preSolution
		HideSolutionNode = FALSE
	EndGlobalSection
	GlobalSection(ExtensibilityGlobals) = postSolution
		SolutionGuid = {4A9F0960-064A-4E37-9B13-2E0CFA45AAA3}
	EndGlobalSection
EndGlobal
