
Microsoft Visual Studio Solution File, Format Version 12.00
# Visual Studio Version 16
VisualStudioVersion = 16.0.30413.136
MinimumVisualStudioVersion = 10.0.40219.1
Project("{8BC9CEB8-8B4A-11D0-8D11-00A0C91BC942}") = "Prj01", "Prj01\Prj01.vcxproj", "{653499E3-0F6D-484E-A64F-CF94682A5ECD}"
EndProject
Project("{8BC9CEB8-8B4A-11D0-8D11-00A0C91BC942}") = "Prj02", "Prj02\Prj02.vcxproj", "{63B300FE-1596-4A72-B4C6-17303F90ECB8}"
EndProject
Project("{8BC9CEB8-8B4A-11D0-8D11-00A0C91BC942}") = "Prj03", "Prj03\Prj03.vcxproj", "{C6B730E8-59C3-436A-87DC-16D602E35290}"
EndProject
Project("{8BC9CEB8-8B4A-11D0-8D11-00A0C91BC942}") = "Prj04", "Prj04\Prj04.vcxproj", "{2ADB7AD0-07AB-490E-8C4A-8CD2F069EC4B}"
EndProject
Project("{8BC9CEB8-8B4A-11D0-8D11-00A0C91BC942}") = "Prj05", "Prj05\Prj05.vcxproj", "{A7C74578-AED9-4B31-9722-6D7E6FA645F1}"
EndProject
Project("{8BC9CEB8-8B4A-11D0-8D11-00A0C91BC942}") = "LAB01", "LAB01\LAB01.vcxproj", "{47D673A0-D8ED-4933-8F40-119C6E6A2FAA}"
EndProject
Project("{8BC9CEB8-8B4A-11D0-8D11-00A0C91BC942}") = "Prj06", "Prj06\Prj06.vcxproj", "{65EB32A1-468D-4C90-AE10-8AAC13874DE2}"
EndProject
Project("{8BC9CEB8-8B4A-11D0-8D11-00A0C91BC942}") = "Prj07", "Prj07\Prj07.vcxproj", "{FB91358D-AB3C-45A6-ACC5-7859C2812191}"
EndProject
Project("{8BC9CEB8-8B4A-11D0-8D11-00A0C91BC942}") = "Lab02", "Lab02\Lab02.vcxproj", "{AC5859F3-546A-481F-990D-910B254B7E51}"
EndProject
Project("{8BC9CEB8-8B4A-11D0-8D11-00A0C91BC942}") = "Prj08", "Prj08\Prj08.vcxproj", "{6E32568E-3D04-4DDA-AB8D-70D9603D18BC}"
EndProject
Project("{8BC9CEB8-8B4A-11D0-8D11-00A0C91BC942}") = "Prj09", "Prj09\Prj09.vcxproj", "{43622040-E975-4D0F-8E4F-FDC7BBB2ED99}"
EndProject
Project("{8BC9CEB8-8B4A-11D0-8D11-00A0C91BC942}") = "Prj10", "Prj10\Prj10.vcxproj", "{AF589063-2ECC-4967-A5A3-69DAC1A87DE4}"
EndProject
Project("{8BC9CEB8-8B4A-11D0-8D11-00A0C91BC942}") = "Prj11", "Prj11\Prj11.vcxproj", "{5EE38228-56DE-4435-BC51-EB4C824ECC53}"
EndProject
Project("{8BC9CEB8-8B4A-11D0-8D11-00A0C91BC942}") = "Prj12", "Prj12\Prj12.vcxproj", "{8BD4B702-61F4-45AC-8781-79A329C18E44}"
EndProject
Project("{8BC9CEB8-8B4A-11D0-8D11-00A0C91BC942}") = "Lab03", "Lab03\Lab03.vcxproj", "{ABA7DC1D-5F4C-4FD7-89B8-A375A474C311}"
EndProject
Project("{8BC9CEB8-8B4A-11D0-8D11-00A0C91BC942}") = "Prj13", "Prj13\Prj13.vcxproj", "{91192F04-7C1A-4C6D-8182-9E24A2475137}"
EndProject
Project("{8BC9CEB8-8B4A-11D0-8D11-00A0C91BC942}") = "Prj14", "Prj14\Prj14.vcxproj", "{60A55ECC-9AAB-485E-AFB9-73D969B2C04C}"
EndProject
Project("{8BC9CEB8-8B4A-11D0-8D11-00A0C91BC942}") = "Prj15", "Prj15\Prj15.vcxproj", "{5EFCADB8-4AFD-47A2-A7E1-D19F8650BC84}"
EndProject
Project("{8BC9CEB8-8B4A-11D0-8D11-00A0C91BC942}") = "Prj16", "Prj16\Prj16.vcxproj", "{25B1874E-1751-4735-B6E4-F08976CCE477}"
EndProject
Project("{8BC9CEB8-8B4A-11D0-8D11-00A0C91BC942}") = "Lab04", "Lab04\Lab04.vcxproj", "{382989A2-BCAF-4E8D-9B3A-7D16717C4A40}"
EndProject
Project("{8BC9CEB8-8B4A-11D0-8D11-00A0C91BC942}") = "Prj17", "Prj17\Prj17.vcxproj", "{29E123B8-E817-492C-A238-4937E12BBF45}"
EndProject
Project("{8BC9CEB8-8B4A-11D0-8D11-00A0C91BC942}") = "Prj18", "Prj18\Prj18.vcxproj", "{FC149FB6-8082-4664-AB69-9E2D3D9ECDE0}"
EndProject
Project("{8BC9CEB8-8B4A-11D0-8D11-00A0C91BC942}") = "Prj19", "Prj19\Prj19.vcxproj", "{4F3E7357-522B-4552-A370-48F8C21D31A8}"
EndProject
Project("{8BC9CEB8-8B4A-11D0-8D11-00A0C91BC942}") = "Lab05", "Lab05\Lab05.vcxproj", "{C26080B8-AC0A-4522-A73E-D699E82A134F}"
EndProject
Global
	GlobalSection(SolutionConfigurationPlatforms) = preSolution
		Debug|x64 = Debug|x64
		Debug|x86 = Debug|x86
		Release|x64 = Release|x64
		Release|x86 = Release|x86
	EndGlobalSection
	GlobalSection(ProjectConfigurationPlatforms) = postSolution
		{653499E3-0F6D-484E-A64F-CF94682A5ECD}.Debug|x64.ActiveCfg = Debug|x64
		{653499E3-0F6D-484E-A64F-CF94682A5ECD}.Debug|x64.Build.0 = Debug|x64
		{653499E3-0F6D-484E-A64F-CF94682A5ECD}.Debug|x86.ActiveCfg = Debug|Win32
		{653499E3-0F6D-484E-A64F-CF94682A5ECD}.Debug|x86.Build.0 = Debug|Win32
		{653499E3-0F6D-484E-A64F-CF94682A5ECD}.Release|x64.ActiveCfg = Release|x64
		{653499E3-0F6D-484E-A64F-CF94682A5ECD}.Release|x64.Build.0 = Release|x64
		{653499E3-0F6D-484E-A64F-CF94682A5ECD}.Release|x86.ActiveCfg = Release|Win32
		{653499E3-0F6D-484E-A64F-CF94682A5ECD}.Release|x86.Build.0 = Release|Win32
		{63B300FE-1596-4A72-B4C6-17303F90ECB8}.Debug|x64.ActiveCfg = Debug|x64
		{63B300FE-1596-4A72-B4C6-17303F90ECB8}.Debug|x64.Build.0 = Debug|x64
		{63B300FE-1596-4A72-B4C6-17303F90ECB8}.Debug|x86.ActiveCfg = Debug|Win32
		{63B300FE-1596-4A72-B4C6-17303F90ECB8}.Debug|x86.Build.0 = Debug|Win32
		{63B300FE-1596-4A72-B4C6-17303F90ECB8}.Release|x64.ActiveCfg = Release|x64
		{63B300FE-1596-4A72-B4C6-17303F90ECB8}.Release|x64.Build.0 = Release|x64
		{63B300FE-1596-4A72-B4C6-17303F90ECB8}.Release|x86.ActiveCfg = Release|Win32
		{63B300FE-1596-4A72-B4C6-17303F90ECB8}.Release|x86.Build.0 = Release|Win32
		{C6B730E8-59C3-436A-87DC-16D602E35290}.Debug|x64.ActiveCfg = Debug|x64
		{C6B730E8-59C3-436A-87DC-16D602E35290}.Debug|x64.Build.0 = Debug|x64
		{C6B730E8-59C3-436A-87DC-16D602E35290}.Debug|x86.ActiveCfg = Debug|Win32
		{C6B730E8-59C3-436A-87DC-16D602E35290}.Debug|x86.Build.0 = Debug|Win32
		{C6B730E8-59C3-436A-87DC-16D602E35290}.Release|x64.ActiveCfg = Release|x64
		{C6B730E8-59C3-436A-87DC-16D602E35290}.Release|x64.Build.0 = Release|x64
		{C6B730E8-59C3-436A-87DC-16D602E35290}.Release|x86.ActiveCfg = Release|Win32
		{C6B730E8-59C3-436A-87DC-16D602E35290}.Release|x86.Build.0 = Release|Win32
		{2ADB7AD0-07AB-490E-8C4A-8CD2F069EC4B}.Debug|x64.ActiveCfg = Debug|x64
		{2ADB7AD0-07AB-490E-8C4A-8CD2F069EC4B}.Debug|x64.Build.0 = Debug|x64
		{2ADB7AD0-07AB-490E-8C4A-8CD2F069EC4B}.Debug|x86.ActiveCfg = Debug|Win32
		{2ADB7AD0-07AB-490E-8C4A-8CD2F069EC4B}.Debug|x86.Build.0 = Debug|Win32
		{2ADB7AD0-07AB-490E-8C4A-8CD2F069EC4B}.Release|x64.ActiveCfg = Release|x64
		{2ADB7AD0-07AB-490E-8C4A-8CD2F069EC4B}.Release|x64.Build.0 = Release|x64
		{2ADB7AD0-07AB-490E-8C4A-8CD2F069EC4B}.Release|x86.ActiveCfg = Release|Win32
		{2ADB7AD0-07AB-490E-8C4A-8CD2F069EC4B}.Release|x86.Build.0 = Release|Win32
		{A7C74578-AED9-4B31-9722-6D7E6FA645F1}.Debug|x64.ActiveCfg = Debug|x64
		{A7C74578-AED9-4B31-9722-6D7E6FA645F1}.Debug|x64.Build.0 = Debug|x64
		{A7C74578-AED9-4B31-9722-6D7E6FA645F1}.Debug|x86.ActiveCfg = Debug|Win32
		{A7C74578-AED9-4B31-9722-6D7E6FA645F1}.Debug|x86.Build.0 = Debug|Win32
		{A7C74578-AED9-4B31-9722-6D7E6FA645F1}.Release|x64.ActiveCfg = Release|x64
		{A7C74578-AED9-4B31-9722-6D7E6FA645F1}.Release|x64.Build.0 = Release|x64
		{A7C74578-AED9-4B31-9722-6D7E6FA645F1}.Release|x86.ActiveCfg = Release|Win32
		{A7C74578-AED9-4B31-9722-6D7E6FA645F1}.Release|x86.Build.0 = Release|Win32
		{47D673A0-D8ED-4933-8F40-119C6E6A2FAA}.Debug|x64.ActiveCfg = Debug|x64
		{47D673A0-D8ED-4933-8F40-119C6E6A2FAA}.Debug|x64.Build.0 = Debug|x64
		{47D673A0-D8ED-4933-8F40-119C6E6A2FAA}.Debug|x86.ActiveCfg = Debug|Win32
		{47D673A0-D8ED-4933-8F40-119C6E6A2FAA}.Debug|x86.Build.0 = Debug|Win32
		{47D673A0-D8ED-4933-8F40-119C6E6A2FAA}.Release|x64.ActiveCfg = Release|x64
		{47D673A0-D8ED-4933-8F40-119C6E6A2FAA}.Release|x64.Build.0 = Release|x64
		{47D673A0-D8ED-4933-8F40-119C6E6A2FAA}.Release|x86.ActiveCfg = Release|Win32
		{47D673A0-D8ED-4933-8F40-119C6E6A2FAA}.Release|x86.Build.0 = Release|Win32
		{65EB32A1-468D-4C90-AE10-8AAC13874DE2}.Debug|x64.ActiveCfg = Debug|x64
		{65EB32A1-468D-4C90-AE10-8AAC13874DE2}.Debug|x64.Build.0 = Debug|x64
		{65EB32A1-468D-4C90-AE10-8AAC13874DE2}.Debug|x86.ActiveCfg = Debug|Win32
		{65EB32A1-468D-4C90-AE10-8AAC13874DE2}.Debug|x86.Build.0 = Debug|Win32
		{65EB32A1-468D-4C90-AE10-8AAC13874DE2}.Release|x64.ActiveCfg = Release|x64
		{65EB32A1-468D-4C90-AE10-8AAC13874DE2}.Release|x64.Build.0 = Release|x64
		{65EB32A1-468D-4C90-AE10-8AAC13874DE2}.Release|x86.ActiveCfg = Release|Win32
		{65EB32A1-468D-4C90-AE10-8AAC13874DE2}.Release|x86.Build.0 = Release|Win32
		{FB91358D-AB3C-45A6-ACC5-7859C2812191}.Debug|x64.ActiveCfg = Debug|x64
		{FB91358D-AB3C-45A6-ACC5-7859C2812191}.Debug|x64.Build.0 = Debug|x64
		{FB91358D-AB3C-45A6-ACC5-7859C2812191}.Debug|x86.ActiveCfg = Debug|Win32
		{FB91358D-AB3C-45A6-ACC5-7859C2812191}.Debug|x86.Build.0 = Debug|Win32
		{FB91358D-AB3C-45A6-ACC5-7859C2812191}.Release|x64.ActiveCfg = Release|x64
		{FB91358D-AB3C-45A6-ACC5-7859C2812191}.Release|x64.Build.0 = Release|x64
		{FB91358D-AB3C-45A6-ACC5-7859C2812191}.Release|x86.ActiveCfg = Release|Win32
		{FB91358D-AB3C-45A6-ACC5-7859C2812191}.Release|x86.Build.0 = Release|Win32
		{AC5859F3-546A-481F-990D-910B254B7E51}.Debug|x64.ActiveCfg = Debug|x64
		{AC5859F3-546A-481F-990D-910B254B7E51}.Debug|x64.Build.0 = Debug|x64
		{AC5859F3-546A-481F-990D-910B254B7E51}.Debug|x86.ActiveCfg = Debug|Win32
		{AC5859F3-546A-481F-990D-910B254B7E51}.Debug|x86.Build.0 = Debug|Win32
		{AC5859F3-546A-481F-990D-910B254B7E51}.Release|x64.ActiveCfg = Release|x64
		{AC5859F3-546A-481F-990D-910B254B7E51}.Release|x64.Build.0 = Release|x64
		{AC5859F3-546A-481F-990D-910B254B7E51}.Release|x86.ActiveCfg = Release|Win32
		{AC5859F3-546A-481F-990D-910B254B7E51}.Release|x86.Build.0 = Release|Win32
		{6E32568E-3D04-4DDA-AB8D-70D9603D18BC}.Debug|x64.ActiveCfg = Debug|x64
		{6E32568E-3D04-4DDA-AB8D-70D9603D18BC}.Debug|x64.Build.0 = Debug|x64
		{6E32568E-3D04-4DDA-AB8D-70D9603D18BC}.Debug|x86.ActiveCfg = Debug|Win32
		{6E32568E-3D04-4DDA-AB8D-70D9603D18BC}.Debug|x86.Build.0 = Debug|Win32
		{6E32568E-3D04-4DDA-AB8D-70D9603D18BC}.Release|x64.ActiveCfg = Release|x64
		{6E32568E-3D04-4DDA-AB8D-70D9603D18BC}.Release|x64.Build.0 = Release|x64
		{6E32568E-3D04-4DDA-AB8D-70D9603D18BC}.Release|x86.ActiveCfg = Release|Win32
		{6E32568E-3D04-4DDA-AB8D-70D9603D18BC}.Release|x86.Build.0 = Release|Win32
		{43622040-E975-4D0F-8E4F-FDC7BBB2ED99}.Debug|x64.ActiveCfg = Debug|x64
		{43622040-E975-4D0F-8E4F-FDC7BBB2ED99}.Debug|x64.Build.0 = Debug|x64
		{43622040-E975-4D0F-8E4F-FDC7BBB2ED99}.Debug|x86.ActiveCfg = Debug|Win32
		{43622040-E975-4D0F-8E4F-FDC7BBB2ED99}.Debug|x86.Build.0 = Debug|Win32
		{43622040-E975-4D0F-8E4F-FDC7BBB2ED99}.Release|x64.ActiveCfg = Release|x64
		{43622040-E975-4D0F-8E4F-FDC7BBB2ED99}.Release|x64.Build.0 = Release|x64
		{43622040-E975-4D0F-8E4F-FDC7BBB2ED99}.Release|x86.ActiveCfg = Release|Win32
		{43622040-E975-4D0F-8E4F-FDC7BBB2ED99}.Release|x86.Build.0 = Release|Win32
		{AF589063-2ECC-4967-A5A3-69DAC1A87DE4}.Debug|x64.ActiveCfg = Debug|x64
		{AF589063-2ECC-4967-A5A3-69DAC1A87DE4}.Debug|x64.Build.0 = Debug|x64
		{AF589063-2ECC-4967-A5A3-69DAC1A87DE4}.Debug|x86.ActiveCfg = Debug|Win32
		{AF589063-2ECC-4967-A5A3-69DAC1A87DE4}.Debug|x86.Build.0 = Debug|Win32
		{AF589063-2ECC-4967-A5A3-69DAC1A87DE4}.Release|x64.ActiveCfg = Release|x64
		{AF589063-2ECC-4967-A5A3-69DAC1A87DE4}.Release|x64.Build.0 = Release|x64
		{AF589063-2ECC-4967-A5A3-69DAC1A87DE4}.Release|x86.ActiveCfg = Release|Win32
		{AF589063-2ECC-4967-A5A3-69DAC1A87DE4}.Release|x86.Build.0 = Release|Win32
		{5EE38228-56DE-4435-BC51-EB4C824ECC53}.Debug|x64.ActiveCfg = Debug|x64
		{5EE38228-56DE-4435-BC51-EB4C824ECC53}.Debug|x64.Build.0 = Debug|x64
		{5EE38228-56DE-4435-BC51-EB4C824ECC53}.Debug|x86.ActiveCfg = Debug|Win32
		{5EE38228-56DE-4435-BC51-EB4C824ECC53}.Debug|x86.Build.0 = Debug|Win32
		{5EE38228-56DE-4435-BC51-EB4C824ECC53}.Release|x64.ActiveCfg = Release|x64
		{5EE38228-56DE-4435-BC51-EB4C824ECC53}.Release|x64.Build.0 = Release|x64
		{5EE38228-56DE-4435-BC51-EB4C824ECC53}.Release|x86.ActiveCfg = Release|Win32
		{5EE38228-56DE-4435-BC51-EB4C824ECC53}.Release|x86.Build.0 = Release|Win32
		{8BD4B702-61F4-45AC-8781-79A329C18E44}.Debug|x64.ActiveCfg = Debug|x64
		{8BD4B702-61F4-45AC-8781-79A329C18E44}.Debug|x64.Build.0 = Debug|x64
		{8BD4B702-61F4-45AC-8781-79A329C18E44}.Debug|x86.ActiveCfg = Debug|Win32
		{8BD4B702-61F4-45AC-8781-79A329C18E44}.Debug|x86.Build.0 = Debug|Win32
		{8BD4B702-61F4-45AC-8781-79A329C18E44}.Release|x64.ActiveCfg = Release|x64
		{8BD4B702-61F4-45AC-8781-79A329C18E44}.Release|x64.Build.0 = Release|x64
		{8BD4B702-61F4-45AC-8781-79A329C18E44}.Release|x86.ActiveCfg = Release|Win32
		{8BD4B702-61F4-45AC-8781-79A329C18E44}.Release|x86.Build.0 = Release|Win32
		{ABA7DC1D-5F4C-4FD7-89B8-A375A474C311}.Debug|x64.ActiveCfg = Debug|x64
		{ABA7DC1D-5F4C-4FD7-89B8-A375A474C311}.Debug|x64.Build.0 = Debug|x64
		{ABA7DC1D-5F4C-4FD7-89B8-A375A474C311}.Debug|x86.ActiveCfg = Debug|Win32
		{ABA7DC1D-5F4C-4FD7-89B8-A375A474C311}.Debug|x86.Build.0 = Debug|Win32
		{ABA7DC1D-5F4C-4FD7-89B8-A375A474C311}.Release|x64.ActiveCfg = Release|x64
		{ABA7DC1D-5F4C-4FD7-89B8-A375A474C311}.Release|x64.Build.0 = Release|x64
		{ABA7DC1D-5F4C-4FD7-89B8-A375A474C311}.Release|x86.ActiveCfg = Release|Win32
		{ABA7DC1D-5F4C-4FD7-89B8-A375A474C311}.Release|x86.Build.0 = Release|Win32
		{91192F04-7C1A-4C6D-8182-9E24A2475137}.Debug|x64.ActiveCfg = Debug|x64
		{91192F04-7C1A-4C6D-8182-9E24A2475137}.Debug|x64.Build.0 = Debug|x64
		{91192F04-7C1A-4C6D-8182-9E24A2475137}.Debug|x86.ActiveCfg = Debug|Win32
		{91192F04-7C1A-4C6D-8182-9E24A2475137}.Debug|x86.Build.0 = Debug|Win32
		{91192F04-7C1A-4C6D-8182-9E24A2475137}.Release|x64.ActiveCfg = Release|x64
		{91192F04-7C1A-4C6D-8182-9E24A2475137}.Release|x64.Build.0 = Release|x64
		{91192F04-7C1A-4C6D-8182-9E24A2475137}.Release|x86.ActiveCfg = Release|Win32
		{91192F04-7C1A-4C6D-8182-9E24A2475137}.Release|x86.Build.0 = Release|Win32
		{60A55ECC-9AAB-485E-AFB9-73D969B2C04C}.Debug|x64.ActiveCfg = Debug|x64
		{60A55ECC-9AAB-485E-AFB9-73D969B2C04C}.Debug|x64.Build.0 = Debug|x64
		{60A55ECC-9AAB-485E-AFB9-73D969B2C04C}.Debug|x86.ActiveCfg = Debug|Win32
		{60A55ECC-9AAB-485E-AFB9-73D969B2C04C}.Debug|x86.Build.0 = Debug|Win32
		{60A55ECC-9AAB-485E-AFB9-73D969B2C04C}.Release|x64.ActiveCfg = Release|x64
		{60A55ECC-9AAB-485E-AFB9-73D969B2C04C}.Release|x64.Build.0 = Release|x64
		{60A55ECC-9AAB-485E-AFB9-73D969B2C04C}.Release|x86.ActiveCfg = Release|Win32
		{60A55ECC-9AAB-485E-AFB9-73D969B2C04C}.Release|x86.Build.0 = Release|Win32
		{5EFCADB8-4AFD-47A2-A7E1-D19F8650BC84}.Debug|x64.ActiveCfg = Debug|x64
		{5EFCADB8-4AFD-47A2-A7E1-D19F8650BC84}.Debug|x64.Build.0 = Debug|x64
		{5EFCADB8-4AFD-47A2-A7E1-D19F8650BC84}.Debug|x86.ActiveCfg = Debug|Win32
		{5EFCADB8-4AFD-47A2-A7E1-D19F8650BC84}.Debug|x86.Build.0 = Debug|Win32
		{5EFCADB8-4AFD-47A2-A7E1-D19F8650BC84}.Release|x64.ActiveCfg = Release|x64
		{5EFCADB8-4AFD-47A2-A7E1-D19F8650BC84}.Release|x64.Build.0 = Release|x64
		{5EFCADB8-4AFD-47A2-A7E1-D19F8650BC84}.Release|x86.ActiveCfg = Release|Win32
		{5EFCADB8-4AFD-47A2-A7E1-D19F8650BC84}.Release|x86.Build.0 = Release|Win32
		{25B1874E-1751-4735-B6E4-F08976CCE477}.Debug|x64.ActiveCfg = Debug|x64
		{25B1874E-1751-4735-B6E4-F08976CCE477}.Debug|x64.Build.0 = Debug|x64
		{25B1874E-1751-4735-B6E4-F08976CCE477}.Debug|x86.ActiveCfg = Debug|Win32
		{25B1874E-1751-4735-B6E4-F08976CCE477}.Debug|x86.Build.0 = Debug|Win32
		{25B1874E-1751-4735-B6E4-F08976CCE477}.Release|x64.ActiveCfg = Release|x64
		{25B1874E-1751-4735-B6E4-F08976CCE477}.Release|x64.Build.0 = Release|x64
		{25B1874E-1751-4735-B6E4-F08976CCE477}.Release|x86.ActiveCfg = Release|Win32
		{25B1874E-1751-4735-B6E4-F08976CCE477}.Release|x86.Build.0 = Release|Win32
		{382989A2-BCAF-4E8D-9B3A-7D16717C4A40}.Debug|x64.ActiveCfg = Debug|x64
		{382989A2-BCAF-4E8D-9B3A-7D16717C4A40}.Debug|x64.Build.0 = Debug|x64
		{382989A2-BCAF-4E8D-9B3A-7D16717C4A40}.Debug|x86.ActiveCfg = Debug|Win32
		{382989A2-BCAF-4E8D-9B3A-7D16717C4A40}.Debug|x86.Build.0 = Debug|Win32
		{382989A2-BCAF-4E8D-9B3A-7D16717C4A40}.Release|x64.ActiveCfg = Release|x64
		{382989A2-BCAF-4E8D-9B3A-7D16717C4A40}.Release|x64.Build.0 = Release|x64
		{382989A2-BCAF-4E8D-9B3A-7D16717C4A40}.Release|x86.ActiveCfg = Release|Win32
		{382989A2-BCAF-4E8D-9B3A-7D16717C4A40}.Release|x86.Build.0 = Release|Win32
		{29E123B8-E817-492C-A238-4937E12BBF45}.Debug|x64.ActiveCfg = Debug|x64
		{29E123B8-E817-492C-A238-4937E12BBF45}.Debug|x64.Build.0 = Debug|x64
		{29E123B8-E817-492C-A238-4937E12BBF45}.Debug|x86.ActiveCfg = Debug|Win32
		{29E123B8-E817-492C-A238-4937E12BBF45}.Debug|x86.Build.0 = Debug|Win32
		{29E123B8-E817-492C-A238-4937E12BBF45}.Release|x64.ActiveCfg = Release|x64
		{29E123B8-E817-492C-A238-4937E12BBF45}.Release|x64.Build.0 = Release|x64
		{29E123B8-E817-492C-A238-4937E12BBF45}.Release|x86.ActiveCfg = Release|Win32
		{29E123B8-E817-492C-A238-4937E12BBF45}.Release|x86.Build.0 = Release|Win32
		{FC149FB6-8082-4664-AB69-9E2D3D9ECDE0}.Debug|x64.ActiveCfg = Debug|x64
		{FC149FB6-8082-4664-AB69-9E2D3D9ECDE0}.Debug|x64.Build.0 = Debug|x64
		{FC149FB6-8082-4664-AB69-9E2D3D9ECDE0}.Debug|x86.ActiveCfg = Debug|Win32
		{FC149FB6-8082-4664-AB69-9E2D3D9ECDE0}.Debug|x86.Build.0 = Debug|Win32
		{FC149FB6-8082-4664-AB69-9E2D3D9ECDE0}.Release|x64.ActiveCfg = Release|x64
		{FC149FB6-8082-4664-AB69-9E2D3D9ECDE0}.Release|x64.Build.0 = Release|x64
		{FC149FB6-8082-4664-AB69-9E2D3D9ECDE0}.Release|x86.ActiveCfg = Release|Win32
		{FC149FB6-8082-4664-AB69-9E2D3D9ECDE0}.Release|x86.Build.0 = Release|Win32
		{4F3E7357-522B-4552-A370-48F8C21D31A8}.Debug|x64.ActiveCfg = Debug|x64
		{4F3E7357-522B-4552-A370-48F8C21D31A8}.Debug|x64.Build.0 = Debug|x64
		{4F3E7357-522B-4552-A370-48F8C21D31A8}.Debug|x86.ActiveCfg = Debug|Win32
		{4F3E7357-522B-4552-A370-48F8C21D31A8}.Debug|x86.Build.0 = Debug|Win32
		{4F3E7357-522B-4552-A370-48F8C21D31A8}.Release|x64.ActiveCfg = Release|x64
		{4F3E7357-522B-4552-A370-48F8C21D31A8}.Release|x64.Build.0 = Release|x64
		{4F3E7357-522B-4552-A370-48F8C21D31A8}.Release|x86.ActiveCfg = Release|Win32
		{4F3E7357-522B-4552-A370-48F8C21D31A8}.Release|x86.Build.0 = Release|Win32
		{C26080B8-AC0A-4522-A73E-D699E82A134F}.Debug|x64.ActiveCfg = Debug|x64
		{C26080B8-AC0A-4522-A73E-D699E82A134F}.Debug|x64.Build.0 = Debug|x64
		{C26080B8-AC0A-4522-A73E-D699E82A134F}.Debug|x86.ActiveCfg = Debug|Win32
		{C26080B8-AC0A-4522-A73E-D699E82A134F}.Debug|x86.Build.0 = Debug|Win32
		{C26080B8-AC0A-4522-A73E-D699E82A134F}.Release|x64.ActiveCfg = Release|x64
		{C26080B8-AC0A-4522-A73E-D699E82A134F}.Release|x64.Build.0 = Release|x64
		{C26080B8-AC0A-4522-A73E-D699E82A134F}.Release|x86.ActiveCfg = Release|Win32
		{C26080B8-AC0A-4522-A73E-D699E82A134F}.Release|x86.Build.0 = Release|Win32
	EndGlobalSection
	GlobalSection(SolutionProperties) = preSolution
		HideSolutionNode = FALSE
	EndGlobalSection
	GlobalSection(ExtensibilityGlobals) = postSolution
		SolutionGuid = {6330D86E-D1E6-4B45-9E3D-AF3181F4D7F0}
	EndGlobalSection
EndGlobal
